
Microsoft Visual Studio Solution File, Format Version 12.00
Project("{2150E333-8FDC-42A3-9474-1A3956D46DE8}") = "src", "src", "{25D8A780-4381-45F1-A23D-2E3BB74585E0}"
EndProject
Project("{FAE04EC0-301F-11D3-BF4B-00C04F79EFBC}") = "LiveSearchEngine", "src\LiveSearchEngine\LiveSearchEngine.csproj", "{A207A8EF-F413-4D48-90F8-39E0D2384EEB}"
EndProject
Global
	GlobalSection(SolutionConfigurationPlatforms) = preSolution
		Debug|Any CPU = Debug|Any CPU
		Release|Any CPU = Release|Any CPU
	EndGlobalSection
	GlobalSection(ProjectConfigurationPlatforms) = postSolution
		{A207A8EF-F413-4D48-90F8-39E0D2384EEB}.Debug|Any CPU.ActiveCfg = Debug|Any CPU
		{A207A8EF-F413-4D48-90F8-39E0D2384EEB}.Debug|Any CPU.Build.0 = Debug|Any CPU
		{A207A8EF-F413-4D48-90F8-39E0D2384EEB}.Release|Any CPU.ActiveCfg = Release|Any CPU
		{A207A8EF-F413-4D48-90F8-39E0D2384EEB}.Release|Any CPU.Build.0 = Release|Any CPU
	EndGlobalSection
	GlobalSection(NestedProjects) = preSolution
		{A207A8EF-F413-4D48-90F8-39E0D2384EEB} = {25D8A780-4381-45F1-A23D-2E3BB74585E0}
	EndGlobalSection
EndGlobal
